
Microsoft Visual Studio Solution File, Format Version 12.00
# Visual Studio 2013
VisualStudioVersion = 12.0.21005.1
MinimumVisualStudioVersion = 10.0.40219.1
Project("{FAE04EC0-301F-11D3-BF4B-00C04F79EFBC}") = "MidtermSec", "MidtermSec\MidtermSec.csproj", "{D9D71749-E47D-49DF-B515-08DB5C632C7B}"
EndProject
Global
	GlobalSection(SolutionConfigurationPlatforms) = preSolution
		Debug|Any CPU = Debug|Any CPU
		Release|Any CPU = Release|Any CPU
	EndGlobalSection
	GlobalSection(ProjectConfigurationPlatforms) = postSolution
		{D9D71749-E47D-49DF-B515-08DB5C632C7B}.Debug|Any CPU.ActiveCfg = Debug|Any CPU
		{D9D71749-E47D-49DF-B515-08DB5C632C7B}.Debug|Any CPU.Build.0 = Debug|Any CPU
		{D9D71749-E47D-49DF-B515-08DB5C632C7B}.Release|Any CPU.ActiveCfg = Release|Any CPU
		{D9D71749-E47D-49DF-B515-08DB5C632C7B}.Release|Any CPU.Build.0 = Release|Any CPU
	EndGlobalSection
	GlobalSection(SolutionProperties) = preSolution
		HideSolutionNode = FALSE
	EndGlobalSection
EndGlobal
